
Microsoft Visual Studio Solution File, Format Version 12.00
# Visual Studio Version 16
VisualStudioVersion = 16.0.30804.86
MinimumVisualStudioVersion = 10.0.40219.1
Project("{FAE04EC0-301F-11D3-BF4B-00C04F79EFBC}") = "DotnetAssessment2_Qus2_MethodOverriding", "DotnetAssessment2_Qus2_MethodOverriding.csproj", "{4BC9C9D2-EB12-4D35-8AFC-D67DBDA976FF}"
EndProject
Global
	GlobalSection(SolutionConfigurationPlatforms) = preSolution
		Debug|Any CPU = Debug|Any CPU
		Release|Any CPU = Release|Any CPU
	EndGlobalSection
	GlobalSection(ProjectConfigurationPlatforms) = postSolution
		{4BC9C9D2-EB12-4D35-8AFC-D67DBDA976FF}.Debug|Any CPU.ActiveCfg = Debug|Any CPU
		{4BC9C9D2-EB12-4D35-8AFC-D67DBDA976FF}.Debug|Any CPU.Build.0 = Debug|Any CPU
		{4BC9C9D2-EB12-4D35-8AFC-D67DBDA976FF}.Release|Any CPU.ActiveCfg = Release|Any CPU
		{4BC9C9D2-EB12-4D35-8AFC-D67DBDA976FF}.Release|Any CPU.Build.0 = Release|Any CPU
	EndGlobalSection
	GlobalSection(SolutionProperties) = preSolution
		HideSolutionNode = FALSE
	EndGlobalSection
	GlobalSection(ExtensibilityGlobals) = postSolution
		SolutionGuid = {87AE9DEE-DDE4-4929-918C-074420161A9E}
	EndGlobalSection
EndGlobal
