
Microsoft Visual Studio Solution File, Format Version 12.00
# Visual Studio Version 16
VisualStudioVersion = 16.0.31702.278
MinimumVisualStudioVersion = 10.0.40219.1
Project("{FAE04EC0-301F-11D3-BF4B-00C04F79EFBC}") = "ButtonRelatedEvents_Ans7", "ButtonRelatedEvents_Ans7.csproj", "{1ED65C3C-F631-4CFC-8876-953F5FEACBA7}"
EndProject
Global
	GlobalSection(SolutionConfigurationPlatforms) = preSolution
		Debug|Any CPU = Debug|Any CPU
		Release|Any CPU = Release|Any CPU
	EndGlobalSection
	GlobalSection(ProjectConfigurationPlatforms) = postSolution
		{1ED65C3C-F631-4CFC-8876-953F5FEACBA7}.Debug|Any CPU.ActiveCfg = Debug|Any CPU
		{1ED65C3C-F631-4CFC-8876-953F5FEACBA7}.Debug|Any CPU.Build.0 = Debug|Any CPU
		{1ED65C3C-F631-4CFC-8876-953F5FEACBA7}.Release|Any CPU.ActiveCfg = Release|Any CPU
		{1ED65C3C-F631-4CFC-8876-953F5FEACBA7}.Release|Any CPU.Build.0 = Release|Any CPU
	EndGlobalSection
	GlobalSection(SolutionProperties) = preSolution
		HideSolutionNode = FALSE
	EndGlobalSection
	GlobalSection(ExtensibilityGlobals) = postSolution
		SolutionGuid = {A66C6D9A-F96A-4059-9534-D4C0E0BF031A}
	EndGlobalSection
EndGlobal
