
Microsoft Visual Studio Solution File, Format Version 12.00
# Visual Studio Version 16
VisualStudioVersion = 16.0.31702.278
MinimumVisualStudioVersion = 10.0.40219.1
Project("{FAE04EC0-301F-11D3-BF4B-00C04F79EFBC}") = "SQLInjection-Ans5", "SQLInjection-Ans5.csproj", "{62FDDB4D-41FB-4F52-BA83-77A1C5D1395B}"
EndProject
Global
	GlobalSection(SolutionConfigurationPlatforms) = preSolution
		Debug|Any CPU = Debug|Any CPU
		Release|Any CPU = Release|Any CPU
	EndGlobalSection
	GlobalSection(ProjectConfigurationPlatforms) = postSolution
		{62FDDB4D-41FB-4F52-BA83-77A1C5D1395B}.Debug|Any CPU.ActiveCfg = Debug|Any CPU
		{62FDDB4D-41FB-4F52-BA83-77A1C5D1395B}.Debug|Any CPU.Build.0 = Debug|Any CPU
		{62FDDB4D-41FB-4F52-BA83-77A1C5D1395B}.Release|Any CPU.ActiveCfg = Release|Any CPU
		{62FDDB4D-41FB-4F52-BA83-77A1C5D1395B}.Release|Any CPU.Build.0 = Release|Any CPU
	EndGlobalSection
	GlobalSection(SolutionProperties) = preSolution
		HideSolutionNode = FALSE
	EndGlobalSection
	GlobalSection(ExtensibilityGlobals) = postSolution
		SolutionGuid = {B4CF42A7-4313-4AE9-BF9A-EFBFB66D9834}
	EndGlobalSection
EndGlobal
