
Microsoft Visual Studio Solution File, Format Version 12.00
# Visual Studio Version 16
VisualStudioVersion = 16.0.31702.278
MinimumVisualStudioVersion = 10.0.40219.1
Project("{FAE04EC0-301F-11D3-BF4B-00C04F79EFBC}") = "Execute-Reader-Scalar-Ans3", "Execute-Reader-Scalar-Ans3.csproj", "{2D11D51A-371A-4B0F-8999-45B6118E241E}"
EndProject
Global
	GlobalSection(SolutionConfigurationPlatforms) = preSolution
		Debug|Any CPU = Debug|Any CPU
		Release|Any CPU = Release|Any CPU
	EndGlobalSection
	GlobalSection(ProjectConfigurationPlatforms) = postSolution
		{2D11D51A-371A-4B0F-8999-45B6118E241E}.Debug|Any CPU.ActiveCfg = Debug|Any CPU
		{2D11D51A-371A-4B0F-8999-45B6118E241E}.Debug|Any CPU.Build.0 = Debug|Any CPU
		{2D11D51A-371A-4B0F-8999-45B6118E241E}.Release|Any CPU.ActiveCfg = Release|Any CPU
		{2D11D51A-371A-4B0F-8999-45B6118E241E}.Release|Any CPU.Build.0 = Release|Any CPU
	EndGlobalSection
	GlobalSection(SolutionProperties) = preSolution
		HideSolutionNode = FALSE
	EndGlobalSection
	GlobalSection(ExtensibilityGlobals) = postSolution
		SolutionGuid = {A7AD7B25-ED78-441E-9846-B9881024D0D0}
	EndGlobalSection
EndGlobal
